
Microsoft Visual Studio Solution File, Format Version 12.00
# Visual Studio Version 16
VisualStudioVersion = 16.0.29324.140
MinimumVisualStudioVersion = 10.0.40219.1
Project("{9A19103F-16F7-4668-BE54-9A1E7A4F7556}") = "wordCount", "homework4\wordCount.csproj", "{35B1A01F-0B30-49F8-BE21-593B163C3081}"
EndProject
Project("{FAE04EC0-301F-11D3-BF4B-00C04F79EFBC}") = "wordCountTests", "wordCountTests\wordCountTests.csproj", "{6353405C-CFCC-45D0-8822-6CA921514415}"
EndProject
Global
	GlobalSection(SolutionConfigurationPlatforms) = preSolution
		Debug|Any CPU = Debug|Any CPU
		Release|Any CPU = Release|Any CPU
	EndGlobalSection
	GlobalSection(ProjectConfigurationPlatforms) = postSolution
		{35B1A01F-0B30-49F8-BE21-593B163C3081}.Debug|Any CPU.ActiveCfg = Debug|Any CPU
		{35B1A01F-0B30-49F8-BE21-593B163C3081}.Debug|Any CPU.Build.0 = Debug|Any CPU
		{35B1A01F-0B30-49F8-BE21-593B163C3081}.Release|Any CPU.ActiveCfg = Release|Any CPU
		{35B1A01F-0B30-49F8-BE21-593B163C3081}.Release|Any CPU.Build.0 = Release|Any CPU
		{6353405C-CFCC-45D0-8822-6CA921514415}.Debug|Any CPU.ActiveCfg = Debug|Any CPU
		{6353405C-CFCC-45D0-8822-6CA921514415}.Debug|Any CPU.Build.0 = Debug|Any CPU
		{6353405C-CFCC-45D0-8822-6CA921514415}.Release|Any CPU.ActiveCfg = Release|Any CPU
		{6353405C-CFCC-45D0-8822-6CA921514415}.Release|Any CPU.Build.0 = Release|Any CPU
	EndGlobalSection
	GlobalSection(SolutionProperties) = preSolution
		HideSolutionNode = FALSE
	EndGlobalSection
	GlobalSection(ExtensibilityGlobals) = postSolution
		SolutionGuid = {A9D59CFA-F7EE-4F3A-A7EF-1CDDDB33869B}
	EndGlobalSection
EndGlobal
